
Microsoft Visual Studio Solution File, Format Version 12.00
# Visual Studio Version 17
VisualStudioVersion = 17.5.33627.172
MinimumVisualStudioVersion = 10.0.40219.1
Project("{2150E333-8FDC-42A3-9474-1A3956D46DE8}") = "Microservices", "Microservices", "{2AED5022-7B8D-40E0-A8A7-1E2A74231C5B}"
EndProject
Project("{2150E333-8FDC-42A3-9474-1A3956D46DE8}") = "GateWay", "GateWay", "{EAE57E9D-39BA-4998-9223-859A2ABB0252}"
EndProject
Project("{9A19103F-16F7-4668-BE54-9A1E7A4F7556}") = "ReverseProxy", "ReverseProxy\ReverseProxy.csproj", "{969660F8-4B3C-468E-99BD-10BDA808D8FE}"
EndProject
Project("{E53339B2-1760-4266-BCC7-CA923CBCF16C}") = "docker-compose", "docker-compose.dcproj", "{A30E10E5-1A24-4578-ADDB-AFCE0C30413F}"
EndProject
Project("{2150E333-8FDC-42A3-9474-1A3956D46DE8}") = "Building", "Building", "{99C6DC94-A0B0-49C4-BA13-A3D72289ABEC}"
EndProject
Project("{9A19103F-16F7-4668-BE54-9A1E7A4F7556}") = "Infrastructures", "Infrastructures\Infrastructures.csproj", "{8CCDE642-6CB0-46DD-9C53-664CEA4C0C92}"
EndProject
Project("{9A19103F-16F7-4668-BE54-9A1E7A4F7556}") = "Contract", "Contract\Contract.csproj", "{0544B16F-864A-4851-9393-9B253960851B}"
EndProject
Project("{9A19103F-16F7-4668-BE54-9A1E7A4F7556}") = "EventBus.Message", "EventBus.Message\EventBus.Message.csproj", "{B4EBD814-8D0F-49B5-9766-62BC99EB1D6C}"
EndProject
Project("{2150E333-8FDC-42A3-9474-1A3956D46DE8}") = "CourseService", "CourseService", "{A262F1F5-CFAF-4A97-8568-54BAB066226A}"
EndProject
Project("{2150E333-8FDC-42A3-9474-1A3956D46DE8}") = "UserService", "UserService", "{55EC9382-4A60-43C3-99C0-0B922B706747}"
EndProject
Project("{9A19103F-16F7-4668-BE54-9A1E7A4F7556}") = "AuthenticateService.API", "Authenticate_Service\AuthenticateService.API.csproj", "{86801734-137B-4351-92A9-C828FB152EF0}"
EndProject
Project("{9A19103F-16F7-4668-BE54-9A1E7A4F7556}") = "CourseService.API", "Course.API\CourseService.API.csproj", "{44756E2A-651B-492B-ABF8-739A855F4DB8}"
EndProject
Project("{2150E333-8FDC-42A3-9474-1A3956D46DE8}") = "gRPC", "gRPC", "{2F4E02BB-F47C-47F6-8311-A224D73C5BE1}"
EndProject
Project("{9A19103F-16F7-4668-BE54-9A1E7A4F7556}") = "UserGrpc", "GrpcService1\UserGrpc.csproj", "{25D3F5E6-EF3A-4CF0-8216-17D6897A2652}"
EndProject
Project("{2150E333-8FDC-42A3-9474-1A3956D46DE8}") = "ModerationService", "ModerationService", "{B9886CE7-8F8D-4544-832B-1C609062E420}"
EndProject
Project("{9A19103F-16F7-4668-BE54-9A1E7A4F7556}") = "ModerationService.API", "ModerationService.API\ModerationService.API.csproj", "{2CE445E1-BF18-47D1-B800-E86830E94589}"
EndProject
Project("{2150E333-8FDC-42A3-9474-1A3956D46DE8}") = "NotificationService", "NotificationService", "{64C83C98-0B67-4D50-9E47-EB9F5C8BE1E1}"
EndProject
Project("{9A19103F-16F7-4668-BE54-9A1E7A4F7556}") = "NotificationService.API", "NotificationService.API\NotificationService.API.csproj", "{3CF56D2D-2146-42F6-8784-189078AF1A7D}"
EndProject
Project("{9A19103F-16F7-4668-BE54-9A1E7A4F7556}") = "CourseGRPC", "CourseGRPC\CourseGRPC.csproj", "{141EF2BC-D764-4ACF-8265-4C267F67EAD4}"
EndProject
Project("{2150E333-8FDC-42A3-9474-1A3956D46DE8}") = "CommentService", "CommentService", "{7FCC42C9-EC58-4727-AC2F-B3CA6E7B4B5E}"
EndProject
Project("{9A19103F-16F7-4668-BE54-9A1E7A4F7556}") = "CommentService.API", "CommentService.API\CommentService.API.csproj", "{36C63B83-63FD-4E79-8967-C24E6DD93132}"
EndProject
Project("{9A19103F-16F7-4668-BE54-9A1E7A4F7556}") = "Shared", "Shared\Shared.csproj", "{689EB0C9-E3CF-41A9-9A1B-BBF264F91365}"
EndProject
Project("{2150E333-8FDC-42A3-9474-1A3956D46DE8}") = "Event", "Event", "{6661EF5E-4DC8-418A-8A4F-6EA17B0ED2D2}"
EndProject
Project("{2150E333-8FDC-42A3-9474-1A3956D46DE8}") = "ForumService", "ForumService", "{32C662D0-12DE-478E-8DD6-7D5AABC97BC0}"
EndProject
Project("{9A19103F-16F7-4668-BE54-9A1E7A4F7556}") = "ForumService.API", "ForumService.API\ForumService.API.csproj", "{73F77848-4888-4129-9BCF-A241081684ED}"
EndProject
Project("{9A19103F-16F7-4668-BE54-9A1E7A4F7556}") = "CommentGrpc", "CommentGrpc\CommentGrpc.csproj", "{9F33786A-47F2-4828-ACEB-CFF45882EA78}"
EndProject
Project("{2150E333-8FDC-42A3-9474-1A3956D46DE8}") = "PaymentService", "PaymentService", "{8F0FD229-0F2A-4A04-B9A7-17F96BB98395}"
EndProject
Project("{9A19103F-16F7-4668-BE54-9A1E7A4F7556}") = "PaymentService.API", "PaymentService\PaymentService.API.csproj", "{C03FC0A0-45E9-4E3C-BF03-19B35B8E3A39}"
EndProject
Project("{2150E333-8FDC-42A3-9474-1A3956D46DE8}") = "CompilerService", "CompilerService", "{4EFE750D-3772-4D85-B7D3-C53C68FF231F}"
EndProject
Project("{9A19103F-16F7-4668-BE54-9A1E7A4F7556}") = "CompilerService.API", "CompilerService.API\CompilerService.API.csproj", "{23EF16F1-D63A-409F-9AEF-85F22796822A}"
EndProject
Project("{2150E333-8FDC-42A3-9474-1A3956D46DE8}") = "UnitTest", "UnitTest", "{B3F6AE2F-8162-4A32-ABF0-E98181CF5071}"
EndProject
Project("{9A19103F-16F7-4668-BE54-9A1E7A4F7556}") = "Test", "UnitTest\Test.csproj", "{26539641-8A13-45B0-82A6-FBB8A77A763B}"
EndProject
Global
	GlobalSection(SolutionConfigurationPlatforms) = preSolution
		Debug|Any CPU = Debug|Any CPU
		Debug|x64 = Debug|x64
		Release|Any CPU = Release|Any CPU
		Release|x64 = Release|x64
	EndGlobalSection
	GlobalSection(ProjectConfigurationPlatforms) = postSolution
		{969660F8-4B3C-468E-99BD-10BDA808D8FE}.Debug|Any CPU.ActiveCfg = Debug|Any CPU
		{969660F8-4B3C-468E-99BD-10BDA808D8FE}.Debug|Any CPU.Build.0 = Debug|Any CPU
		{969660F8-4B3C-468E-99BD-10BDA808D8FE}.Debug|x64.ActiveCfg = Debug|Any CPU
		{969660F8-4B3C-468E-99BD-10BDA808D8FE}.Debug|x64.Build.0 = Debug|Any CPU
		{969660F8-4B3C-468E-99BD-10BDA808D8FE}.Release|Any CPU.ActiveCfg = Release|Any CPU
		{969660F8-4B3C-468E-99BD-10BDA808D8FE}.Release|Any CPU.Build.0 = Release|Any CPU
		{969660F8-4B3C-468E-99BD-10BDA808D8FE}.Release|x64.ActiveCfg = Release|Any CPU
		{969660F8-4B3C-468E-99BD-10BDA808D8FE}.Release|x64.Build.0 = Release|Any CPU
		{A30E10E5-1A24-4578-ADDB-AFCE0C30413F}.Debug|Any CPU.ActiveCfg = Debug|Any CPU
		{A30E10E5-1A24-4578-ADDB-AFCE0C30413F}.Debug|Any CPU.Build.0 = Debug|Any CPU
		{A30E10E5-1A24-4578-ADDB-AFCE0C30413F}.Debug|x64.ActiveCfg = Debug|Any CPU
		{A30E10E5-1A24-4578-ADDB-AFCE0C30413F}.Debug|x64.Build.0 = Debug|Any CPU
		{A30E10E5-1A24-4578-ADDB-AFCE0C30413F}.Release|Any CPU.ActiveCfg = Release|Any CPU
		{A30E10E5-1A24-4578-ADDB-AFCE0C30413F}.Release|Any CPU.Build.0 = Release|Any CPU
		{A30E10E5-1A24-4578-ADDB-AFCE0C30413F}.Release|x64.ActiveCfg = Release|Any CPU
		{A30E10E5-1A24-4578-ADDB-AFCE0C30413F}.Release|x64.Build.0 = Release|Any CPU
		{8CCDE642-6CB0-46DD-9C53-664CEA4C0C92}.Debug|Any CPU.ActiveCfg = Debug|Any CPU
		{8CCDE642-6CB0-46DD-9C53-664CEA4C0C92}.Debug|Any CPU.Build.0 = Debug|Any CPU
		{8CCDE642-6CB0-46DD-9C53-664CEA4C0C92}.Debug|x64.ActiveCfg = Debug|Any CPU
		{8CCDE642-6CB0-46DD-9C53-664CEA4C0C92}.Debug|x64.Build.0 = Debug|Any CPU
		{8CCDE642-6CB0-46DD-9C53-664CEA4C0C92}.Release|Any CPU.ActiveCfg = Release|Any CPU
		{8CCDE642-6CB0-46DD-9C53-664CEA4C0C92}.Release|Any CPU.Build.0 = Release|Any CPU
		{8CCDE642-6CB0-46DD-9C53-664CEA4C0C92}.Release|x64.ActiveCfg = Release|Any CPU
		{8CCDE642-6CB0-46DD-9C53-664CEA4C0C92}.Release|x64.Build.0 = Release|Any CPU
		{0544B16F-864A-4851-9393-9B253960851B}.Debug|Any CPU.ActiveCfg = Debug|Any CPU
		{0544B16F-864A-4851-9393-9B253960851B}.Debug|Any CPU.Build.0 = Debug|Any CPU
		{0544B16F-864A-4851-9393-9B253960851B}.Debug|x64.ActiveCfg = Debug|Any CPU
		{0544B16F-864A-4851-9393-9B253960851B}.Debug|x64.Build.0 = Debug|Any CPU
		{0544B16F-864A-4851-9393-9B253960851B}.Release|Any CPU.ActiveCfg = Release|Any CPU
		{0544B16F-864A-4851-9393-9B253960851B}.Release|Any CPU.Build.0 = Release|Any CPU
		{0544B16F-864A-4851-9393-9B253960851B}.Release|x64.ActiveCfg = Release|Any CPU
		{0544B16F-864A-4851-9393-9B253960851B}.Release|x64.Build.0 = Release|Any CPU
		{B4EBD814-8D0F-49B5-9766-62BC99EB1D6C}.Debug|Any CPU.ActiveCfg = Debug|Any CPU
		{B4EBD814-8D0F-49B5-9766-62BC99EB1D6C}.Debug|Any CPU.Build.0 = Debug|Any CPU
		{B4EBD814-8D0F-49B5-9766-62BC99EB1D6C}.Debug|x64.ActiveCfg = Debug|Any CPU
		{B4EBD814-8D0F-49B5-9766-62BC99EB1D6C}.Debug|x64.Build.0 = Debug|Any CPU
		{B4EBD814-8D0F-49B5-9766-62BC99EB1D6C}.Release|Any CPU.ActiveCfg = Release|Any CPU
		{B4EBD814-8D0F-49B5-9766-62BC99EB1D6C}.Release|Any CPU.Build.0 = Release|Any CPU
		{B4EBD814-8D0F-49B5-9766-62BC99EB1D6C}.Release|x64.ActiveCfg = Release|Any CPU
		{B4EBD814-8D0F-49B5-9766-62BC99EB1D6C}.Release|x64.Build.0 = Release|Any CPU
		{86801734-137B-4351-92A9-C828FB152EF0}.Debug|Any CPU.ActiveCfg = Debug|Any CPU
		{86801734-137B-4351-92A9-C828FB152EF0}.Debug|Any CPU.Build.0 = Debug|Any CPU
		{86801734-137B-4351-92A9-C828FB152EF0}.Debug|x64.ActiveCfg = Debug|Any CPU
		{86801734-137B-4351-92A9-C828FB152EF0}.Debug|x64.Build.0 = Debug|Any CPU
		{86801734-137B-4351-92A9-C828FB152EF0}.Release|Any CPU.ActiveCfg = Release|Any CPU
		{86801734-137B-4351-92A9-C828FB152EF0}.Release|Any CPU.Build.0 = Release|Any CPU
		{86801734-137B-4351-92A9-C828FB152EF0}.Release|x64.ActiveCfg = Release|Any CPU
		{86801734-137B-4351-92A9-C828FB152EF0}.Release|x64.Build.0 = Release|Any CPU
		{44756E2A-651B-492B-ABF8-739A855F4DB8}.Debug|Any CPU.ActiveCfg = Debug|Any CPU
		{44756E2A-651B-492B-ABF8-739A855F4DB8}.Debug|Any CPU.Build.0 = Debug|Any CPU
		{44756E2A-651B-492B-ABF8-739A855F4DB8}.Debug|x64.ActiveCfg = Debug|Any CPU
		{44756E2A-651B-492B-ABF8-739A855F4DB8}.Debug|x64.Build.0 = Debug|Any CPU
		{44756E2A-651B-492B-ABF8-739A855F4DB8}.Release|Any CPU.ActiveCfg = Release|Any CPU
		{44756E2A-651B-492B-ABF8-739A855F4DB8}.Release|Any CPU.Build.0 = Release|Any CPU
		{44756E2A-651B-492B-ABF8-739A855F4DB8}.Release|x64.ActiveCfg = Release|Any CPU
		{44756E2A-651B-492B-ABF8-739A855F4DB8}.Release|x64.Build.0 = Release|Any CPU
		{25D3F5E6-EF3A-4CF0-8216-17D6897A2652}.Debug|Any CPU.ActiveCfg = Debug|Any CPU
		{25D3F5E6-EF3A-4CF0-8216-17D6897A2652}.Debug|Any CPU.Build.0 = Debug|Any CPU
		{25D3F5E6-EF3A-4CF0-8216-17D6897A2652}.Debug|x64.ActiveCfg = Debug|Any CPU
		{25D3F5E6-EF3A-4CF0-8216-17D6897A2652}.Debug|x64.Build.0 = Debug|Any CPU
		{25D3F5E6-EF3A-4CF0-8216-17D6897A2652}.Release|Any CPU.ActiveCfg = Release|Any CPU
		{25D3F5E6-EF3A-4CF0-8216-17D6897A2652}.Release|Any CPU.Build.0 = Release|Any CPU
		{25D3F5E6-EF3A-4CF0-8216-17D6897A2652}.Release|x64.ActiveCfg = Release|Any CPU
		{25D3F5E6-EF3A-4CF0-8216-17D6897A2652}.Release|x64.Build.0 = Release|Any CPU
		{2CE445E1-BF18-47D1-B800-E86830E94589}.Debug|Any CPU.ActiveCfg = Debug|Any CPU
		{2CE445E1-BF18-47D1-B800-E86830E94589}.Debug|Any CPU.Build.0 = Debug|Any CPU
		{2CE445E1-BF18-47D1-B800-E86830E94589}.Debug|x64.ActiveCfg = Debug|Any CPU
		{2CE445E1-BF18-47D1-B800-E86830E94589}.Debug|x64.Build.0 = Debug|Any CPU
		{2CE445E1-BF18-47D1-B800-E86830E94589}.Release|Any CPU.ActiveCfg = Release|Any CPU
		{2CE445E1-BF18-47D1-B800-E86830E94589}.Release|Any CPU.Build.0 = Release|Any CPU
		{2CE445E1-BF18-47D1-B800-E86830E94589}.Release|x64.ActiveCfg = Release|Any CPU
		{2CE445E1-BF18-47D1-B800-E86830E94589}.Release|x64.Build.0 = Release|Any CPU
		{3CF56D2D-2146-42F6-8784-189078AF1A7D}.Debug|Any CPU.ActiveCfg = Debug|Any CPU
		{3CF56D2D-2146-42F6-8784-189078AF1A7D}.Debug|Any CPU.Build.0 = Debug|Any CPU
		{3CF56D2D-2146-42F6-8784-189078AF1A7D}.Debug|x64.ActiveCfg = Debug|Any CPU
		{3CF56D2D-2146-42F6-8784-189078AF1A7D}.Debug|x64.Build.0 = Debug|Any CPU
		{3CF56D2D-2146-42F6-8784-189078AF1A7D}.Release|Any CPU.ActiveCfg = Release|Any CPU
		{3CF56D2D-2146-42F6-8784-189078AF1A7D}.Release|Any CPU.Build.0 = Release|Any CPU
		{3CF56D2D-2146-42F6-8784-189078AF1A7D}.Release|x64.ActiveCfg = Release|Any CPU
		{3CF56D2D-2146-42F6-8784-189078AF1A7D}.Release|x64.Build.0 = Release|Any CPU
		{141EF2BC-D764-4ACF-8265-4C267F67EAD4}.Debug|Any CPU.ActiveCfg = Debug|Any CPU
		{141EF2BC-D764-4ACF-8265-4C267F67EAD4}.Debug|Any CPU.Build.0 = Debug|Any CPU
		{141EF2BC-D764-4ACF-8265-4C267F67EAD4}.Debug|x64.ActiveCfg = Debug|Any CPU
		{141EF2BC-D764-4ACF-8265-4C267F67EAD4}.Debug|x64.Build.0 = Debug|Any CPU
		{141EF2BC-D764-4ACF-8265-4C267F67EAD4}.Release|Any CPU.ActiveCfg = Release|Any CPU
		{141EF2BC-D764-4ACF-8265-4C267F67EAD4}.Release|Any CPU.Build.0 = Release|Any CPU
		{141EF2BC-D764-4ACF-8265-4C267F67EAD4}.Release|x64.ActiveCfg = Release|Any CPU
		{141EF2BC-D764-4ACF-8265-4C267F67EAD4}.Release|x64.Build.0 = Release|Any CPU
		{36C63B83-63FD-4E79-8967-C24E6DD93132}.Debug|Any CPU.ActiveCfg = Debug|Any CPU
		{36C63B83-63FD-4E79-8967-C24E6DD93132}.Debug|Any CPU.Build.0 = Debug|Any CPU
		{36C63B83-63FD-4E79-8967-C24E6DD93132}.Debug|x64.ActiveCfg = Debug|Any CPU
		{36C63B83-63FD-4E79-8967-C24E6DD93132}.Debug|x64.Build.0 = Debug|Any CPU
		{36C63B83-63FD-4E79-8967-C24E6DD93132}.Release|Any CPU.ActiveCfg = Release|Any CPU
		{36C63B83-63FD-4E79-8967-C24E6DD93132}.Release|Any CPU.Build.0 = Release|Any CPU
		{36C63B83-63FD-4E79-8967-C24E6DD93132}.Release|x64.ActiveCfg = Release|Any CPU
		{36C63B83-63FD-4E79-8967-C24E6DD93132}.Release|x64.Build.0 = Release|Any CPU
		{689EB0C9-E3CF-41A9-9A1B-BBF264F91365}.Debug|Any CPU.ActiveCfg = Debug|Any CPU
		{689EB0C9-E3CF-41A9-9A1B-BBF264F91365}.Debug|Any CPU.Build.0 = Debug|Any CPU
		{689EB0C9-E3CF-41A9-9A1B-BBF264F91365}.Debug|x64.ActiveCfg = Debug|Any CPU
		{689EB0C9-E3CF-41A9-9A1B-BBF264F91365}.Debug|x64.Build.0 = Debug|Any CPU
		{689EB0C9-E3CF-41A9-9A1B-BBF264F91365}.Release|Any CPU.ActiveCfg = Release|Any CPU
		{689EB0C9-E3CF-41A9-9A1B-BBF264F91365}.Release|Any CPU.Build.0 = Release|Any CPU
		{689EB0C9-E3CF-41A9-9A1B-BBF264F91365}.Release|x64.ActiveCfg = Release|Any CPU
		{689EB0C9-E3CF-41A9-9A1B-BBF264F91365}.Release|x64.Build.0 = Release|Any CPU
		{73F77848-4888-4129-9BCF-A241081684ED}.Debug|Any CPU.ActiveCfg = Debug|Any CPU
		{73F77848-4888-4129-9BCF-A241081684ED}.Debug|Any CPU.Build.0 = Debug|Any CPU
		{73F77848-4888-4129-9BCF-A241081684ED}.Debug|x64.ActiveCfg = Debug|Any CPU
		{73F77848-4888-4129-9BCF-A241081684ED}.Debug|x64.Build.0 = Debug|Any CPU
		{73F77848-4888-4129-9BCF-A241081684ED}.Release|Any CPU.ActiveCfg = Release|Any CPU
		{73F77848-4888-4129-9BCF-A241081684ED}.Release|Any CPU.Build.0 = Release|Any CPU
		{73F77848-4888-4129-9BCF-A241081684ED}.Release|x64.ActiveCfg = Release|Any CPU
		{73F77848-4888-4129-9BCF-A241081684ED}.Release|x64.Build.0 = Release|Any CPU
		{9F33786A-47F2-4828-ACEB-CFF45882EA78}.Debug|Any CPU.ActiveCfg = Debug|Any CPU
		{9F33786A-47F2-4828-ACEB-CFF45882EA78}.Debug|Any CPU.Build.0 = Debug|Any CPU
		{9F33786A-47F2-4828-ACEB-CFF45882EA78}.Debug|x64.ActiveCfg = Debug|Any CPU
		{9F33786A-47F2-4828-ACEB-CFF45882EA78}.Debug|x64.Build.0 = Debug|Any CPU
		{9F33786A-47F2-4828-ACEB-CFF45882EA78}.Release|Any CPU.ActiveCfg = Release|Any CPU
		{9F33786A-47F2-4828-ACEB-CFF45882EA78}.Release|Any CPU.Build.0 = Release|Any CPU
		{9F33786A-47F2-4828-ACEB-CFF45882EA78}.Release|x64.ActiveCfg = Release|Any CPU
		{9F33786A-47F2-4828-ACEB-CFF45882EA78}.Release|x64.Build.0 = Release|Any CPU
		{C03FC0A0-45E9-4E3C-BF03-19B35B8E3A39}.Debug|Any CPU.ActiveCfg = Debug|Any CPU
		{C03FC0A0-45E9-4E3C-BF03-19B35B8E3A39}.Debug|Any CPU.Build.0 = Debug|Any CPU
		{C03FC0A0-45E9-4E3C-BF03-19B35B8E3A39}.Debug|x64.ActiveCfg = Debug|Any CPU
		{C03FC0A0-45E9-4E3C-BF03-19B35B8E3A39}.Debug|x64.Build.0 = Debug|Any CPU
		{C03FC0A0-45E9-4E3C-BF03-19B35B8E3A39}.Release|Any CPU.ActiveCfg = Release|Any CPU
		{C03FC0A0-45E9-4E3C-BF03-19B35B8E3A39}.Release|Any CPU.Build.0 = Release|Any CPU
		{C03FC0A0-45E9-4E3C-BF03-19B35B8E3A39}.Release|x64.ActiveCfg = Release|Any CPU
		{C03FC0A0-45E9-4E3C-BF03-19B35B8E3A39}.Release|x64.Build.0 = Release|Any CPU
		{23EF16F1-D63A-409F-9AEF-85F22796822A}.Debug|Any CPU.ActiveCfg = Debug|Any CPU
		{23EF16F1-D63A-409F-9AEF-85F22796822A}.Debug|Any CPU.Build.0 = Debug|Any CPU
		{23EF16F1-D63A-409F-9AEF-85F22796822A}.Debug|x64.ActiveCfg = Debug|Any CPU
		{23EF16F1-D63A-409F-9AEF-85F22796822A}.Debug|x64.Build.0 = Debug|Any CPU
		{23EF16F1-D63A-409F-9AEF-85F22796822A}.Release|Any CPU.ActiveCfg = Release|Any CPU
		{23EF16F1-D63A-409F-9AEF-85F22796822A}.Release|Any CPU.Build.0 = Release|Any CPU
		{23EF16F1-D63A-409F-9AEF-85F22796822A}.Release|x64.ActiveCfg = Release|Any CPU
		{23EF16F1-D63A-409F-9AEF-85F22796822A}.Release|x64.Build.0 = Release|Any CPU
		{26539641-8A13-45B0-82A6-FBB8A77A763B}.Debug|Any CPU.ActiveCfg = Debug|Any CPU
		{26539641-8A13-45B0-82A6-FBB8A77A763B}.Debug|Any CPU.Build.0 = Debug|Any CPU
		{26539641-8A13-45B0-82A6-FBB8A77A763B}.Debug|x64.ActiveCfg = Debug|Any CPU
		{26539641-8A13-45B0-82A6-FBB8A77A763B}.Debug|x64.Build.0 = Debug|Any CPU
		{26539641-8A13-45B0-82A6-FBB8A77A763B}.Release|Any CPU.ActiveCfg = Release|Any CPU
		{26539641-8A13-45B0-82A6-FBB8A77A763B}.Release|Any CPU.Build.0 = Release|Any CPU
		{26539641-8A13-45B0-82A6-FBB8A77A763B}.Release|x64.ActiveCfg = Release|Any CPU
		{26539641-8A13-45B0-82A6-FBB8A77A763B}.Release|x64.Build.0 = Release|Any CPU
	EndGlobalSection
	GlobalSection(SolutionProperties) = preSolution
		HideSolutionNode = FALSE
	EndGlobalSection
	GlobalSection(NestedProjects) = preSolution
		{969660F8-4B3C-468E-99BD-10BDA808D8FE} = {EAE57E9D-39BA-4998-9223-859A2ABB0252}
		{99C6DC94-A0B0-49C4-BA13-A3D72289ABEC} = {2AED5022-7B8D-40E0-A8A7-1E2A74231C5B}
		{8CCDE642-6CB0-46DD-9C53-664CEA4C0C92} = {99C6DC94-A0B0-49C4-BA13-A3D72289ABEC}
		{0544B16F-864A-4851-9393-9B253960851B} = {99C6DC94-A0B0-49C4-BA13-A3D72289ABEC}
		{B4EBD814-8D0F-49B5-9766-62BC99EB1D6C} = {6661EF5E-4DC8-418A-8A4F-6EA17B0ED2D2}
		{A262F1F5-CFAF-4A97-8568-54BAB066226A} = {2AED5022-7B8D-40E0-A8A7-1E2A74231C5B}
		{55EC9382-4A60-43C3-99C0-0B922B706747} = {2AED5022-7B8D-40E0-A8A7-1E2A74231C5B}
		{86801734-137B-4351-92A9-C828FB152EF0} = {55EC9382-4A60-43C3-99C0-0B922B706747}
		{44756E2A-651B-492B-ABF8-739A855F4DB8} = {A262F1F5-CFAF-4A97-8568-54BAB066226A}
		{25D3F5E6-EF3A-4CF0-8216-17D6897A2652} = {2F4E02BB-F47C-47F6-8311-A224D73C5BE1}
		{B9886CE7-8F8D-4544-832B-1C609062E420} = {2AED5022-7B8D-40E0-A8A7-1E2A74231C5B}
		{2CE445E1-BF18-47D1-B800-E86830E94589} = {B9886CE7-8F8D-4544-832B-1C609062E420}
		{64C83C98-0B67-4D50-9E47-EB9F5C8BE1E1} = {2AED5022-7B8D-40E0-A8A7-1E2A74231C5B}
		{3CF56D2D-2146-42F6-8784-189078AF1A7D} = {64C83C98-0B67-4D50-9E47-EB9F5C8BE1E1}
		{141EF2BC-D764-4ACF-8265-4C267F67EAD4} = {2F4E02BB-F47C-47F6-8311-A224D73C5BE1}
		{7FCC42C9-EC58-4727-AC2F-B3CA6E7B4B5E} = {2AED5022-7B8D-40E0-A8A7-1E2A74231C5B}
		{36C63B83-63FD-4E79-8967-C24E6DD93132} = {7FCC42C9-EC58-4727-AC2F-B3CA6E7B4B5E}
		{689EB0C9-E3CF-41A9-9A1B-BBF264F91365} = {99C6DC94-A0B0-49C4-BA13-A3D72289ABEC}
		{6661EF5E-4DC8-418A-8A4F-6EA17B0ED2D2} = {2AED5022-7B8D-40E0-A8A7-1E2A74231C5B}
		{32C662D0-12DE-478E-8DD6-7D5AABC97BC0} = {2AED5022-7B8D-40E0-A8A7-1E2A74231C5B}
		{73F77848-4888-4129-9BCF-A241081684ED} = {32C662D0-12DE-478E-8DD6-7D5AABC97BC0}
		{9F33786A-47F2-4828-ACEB-CFF45882EA78} = {2F4E02BB-F47C-47F6-8311-A224D73C5BE1}
		{8F0FD229-0F2A-4A04-B9A7-17F96BB98395} = {2AED5022-7B8D-40E0-A8A7-1E2A74231C5B}
		{C03FC0A0-45E9-4E3C-BF03-19B35B8E3A39} = {8F0FD229-0F2A-4A04-B9A7-17F96BB98395}
		{4EFE750D-3772-4D85-B7D3-C53C68FF231F} = {2AED5022-7B8D-40E0-A8A7-1E2A74231C5B}
		{23EF16F1-D63A-409F-9AEF-85F22796822A} = {4EFE750D-3772-4D85-B7D3-C53C68FF231F}
		{26539641-8A13-45B0-82A6-FBB8A77A763B} = {B3F6AE2F-8162-4A32-ABF0-E98181CF5071}
	EndGlobalSection
	GlobalSection(ExtensibilityGlobals) = postSolution
		SolutionGuid = {FF804B83-66B2-4025-B90D-25E94197E164}
	EndGlobalSection
EndGlobal
